Microsoft Visual Studio Solution File, Format Version 12.00
# Visual Studio Version 17
VisualStudioVersion = 17.0.31903.59
MinimumVisualStudioVersion = 10.0.40219.1
Project("{2150E333-8FDC-42A3-9474-1A3956D46DE8}") = "src", "src", "{827E0CD3-B72D-47B6-A68D-7590B98EB39B}"
EndProject
Project("{FAE04EC0-301F-11D3-BF4B-00C04F79EFBC}") = "OrdersService", "src\OrdersService\OrdersService.csproj", "{A9C598B0-B989-47C7-8FA6-BE7DBC3FEC4B}"
EndProject
Project("{FAE04EC0-301F-11D3-BF4B-00C04F79EFBC}") = "PaymentsService", "src\PaymentsService\PaymentsService.csproj", "{A6F04716-AD0D-40CB-BD82-C9C6ADEDAE8E}"
EndProject
Project("{FAE04EC0-301F-11D3-BF4B-00C04F79EFBC}") = "ApiGateway", "src\ApiGateway\ApiGateway.csproj", "{E3C7E3D5-7AEF-4E5C-87FD-5C66B74FD9AA}"
EndProject
Project("{FAE04EC0-301F-11D3-BF4B-00C04F79EFBC}") = "Contracts", "src\Contracts\Contracts.csproj", "{A2FB6954-70AA-4B70-8CC0-F4F0F89027E5}"
EndProject
Project("{2150E333-8FDC-42A3-9474-1A3956D46DE8}") = "Frontend", "Frontend", "{296A0E63-2DFC-4746-A6B4-3319F4BAE9F3}"
	ProjectSection(SolutionItems) = preProject
		src\Frontend\Dockerfile = src\Frontend\Dockerfile
		src\Frontend\index.html = src\Frontend\index.html
		src\Frontend\nginx.conf = src\Frontend\nginx.conf
	EndProjectSection
EndProject
Global
	GlobalSection(SolutionConfigurationPlatforms) = preSolution
		Debug|Any CPU = Debug|Any CPU
		Debug|x64 = Debug|x64
		Debug|x86 = Debug|x86
		Release|Any CPU = Release|Any CPU
		Release|x64 = Release|x64
		Release|x86 = Release|x86
	EndGlobalSection
	GlobalSection(ProjectConfigurationPlatforms) = postSolution
		{A9C598B0-B989-47C7-8FA6-BE7DBC3FEC4B}.Debug|Any CPU.ActiveCfg = Debug|Any CPU
		{A9C598B0-B989-47C7-8FA6-BE7DBC3FEC4B}.Debug|Any CPU.Build.0 = Debug|Any CPU
		{A9C598B0-B989-47C7-8FA6-BE7DBC3FEC4B}.Debug|x64.ActiveCfg = Debug|Any CPU
		{A9C598B0-B989-47C7-8FA6-BE7DBC3FEC4B}.Debug|x64.Build.0 = Debug|Any CPU
		{A9C598B0-B989-47C7-8FA6-BE7DBC3FEC4B}.Debug|x86.ActiveCfg = Debug|Any CPU
		{A9C598B0-B989-47C7-8FA6-BE7DBC3FEC4B}.Debug|x86.Build.0 = Debug|Any CPU
		{A9C598B0-B989-47C7-8FA6-BE7DBC3FEC4B}.Release|Any CPU.ActiveCfg = Release|Any CPU
		{A9C598B0-B989-47C7-8FA6-BE7DBC3FEC4B}.Release|Any CPU.Build.0 = Release|Any CPU
		{A9C598B0-B989-47C7-8FA6-BE7DBC3FEC4B}.Release|x64.ActiveCfg = Release|Any CPU
		{A9C598B0-B989-47C7-8FA6-BE7DBC3FEC4B}.Release|x64.Build.0 = Release|Any CPU
		{A9C598B0-B989-47C7-8FA6-BE7DBC3FEC4B}.Release|x86.ActiveCfg = Release|Any CPU
		{A9C598B0-B989-47C7-8FA6-BE7DBC3FEC4B}.Release|x86.Build.0 = Release|Any CPU
		{A6F04716-AD0D-40CB-BD82-C9C6ADEDAE8E}.Debug|Any CPU.ActiveCfg = Debug|Any CPU
		{A6F04716-AD0D-40CB-BD82-C9C6ADEDAE8E}.Debug|Any CPU.Build.0 = Debug|Any CPU
		{A6F04716-AD0D-40CB-BD82-C9C6ADEDAE8E}.Debug|x64.ActiveCfg = Debug|Any CPU
		{A6F04716-AD0D-40CB-BD82-C9C6ADEDAE8E}.Debug|x64.Build.0 = Debug|Any CPU
		{A6F04716-AD0D-40CB-BD82-C9C6ADEDAE8E}.Debug|x86.ActiveCfg = Debug|Any CPU
		{A6F04716-AD0D-40CB-BD82-C9C6ADEDAE8E}.Debug|x86.Build.0 = Debug|Any CPU
		{A6F04716-AD0D-40CB-BD82-C9C6ADEDAE8E}.Release|Any CPU.ActiveCfg = Release|Any CPU
		{A6F04716-AD0D-40CB-BD82-C9C6ADEDAE8E}.Release|Any CPU.Build.0 = Release|Any CPU
		{A6F04716-AD0D-40CB-BD82-C9C6ADEDAE8E}.Release|x64.ActiveCfg = Release|Any CPU
		{A6F04716-AD0D-40CB-BD82-C9C6ADEDAE8E}.Release|x64.Build.0 = Release|Any CPU
		{A6F04716-AD0D-40CB-BD82-C9C6ADEDAE8E}.Release|x86.ActiveCfg = Release|Any CPU
		{A6F04716-AD0D-40CB-BD82-C9C6ADEDAE8E}.Release|x86.Build.0 = Release|Any CPU
		{E3C7E3D5-7AEF-4E5C-87FD-5C66B74FD9AA}.Debug|Any CPU.ActiveCfg = Debug|Any CPU
		{E3C7E3D5-7AEF-4E5C-87FD-5C66B74FD9AA}.Debug|Any CPU.Build.0 = Debug|Any CPU
		{E3C7E3D5-7AEF-4E5C-87FD-5C66B74FD9AA}.Debug|x64.ActiveCfg = Debug|Any CPU
		{E3C7E3D5-7AEF-4E5C-87FD-5C66B74FD9AA}.Debug|x64.Build.0 = Debug|Any CPU
		{E3C7E3D5-7AEF-4E5C-87FD-5C66B74FD9AA}.Debug|x86.ActiveCfg = Debug|Any CPU
		{E3C7E3D5-7AEF-4E5C-87FD-5C66B74FD9AA}.Debug|x86.Build.0 = Debug|Any CPU
		{E3C7E3D5-7AEF-4E5C-87FD-5C66B74FD9AA}.Release|Any CPU.ActiveCfg = Release|Any CPU
		{E3C7E3D5-7AEF-4E5C-87FD-5C66B74FD9AA}.Release|Any CPU.Build.0 = Release|Any CPU
		{E3C7E3D5-7AEF-4E5C-87FD-5C66B74FD9AA}.Release|x64.ActiveCfg = Release|Any CPU
		{E3C7E3D5-7AEF-4E5C-87FD-5C66B74FD9AA}.Release|x64.Build.0 = Release|Any CPU
		{E3C7E3D5-7AEF-4E5C-87FD-5C66B74FD9AA}.Release|x86.ActiveCfg = Release|Any CPU
		{E3C7E3D5-7AEF-4E5C-87FD-5C66B74FD9AA}.Release|x86.Build.0 = Release|Any CPU
		{A2FB6954-70AA-4B70-8CC0-F4F0F89027E5}.Debug|Any CPU.ActiveCfg = Debug|Any CPU
		{A2FB6954-70AA-4B70-8CC0-F4F0F89027E5}.Debug|Any CPU.Build.0 = Debug|Any CPU
		{A2FB6954-70AA-4B70-8CC0-F4F0F89027E5}.Debug|x64.ActiveCfg = Debug|Any CPU
		{A2FB6954-70AA-4B70-8CC0-F4F0F89027E5}.Debug|x64.Build.0 = Debug|Any CPU
		{A2FB6954-70AA-4B70-8CC0-F4F0F89027E5}.Debug|x86.ActiveCfg = Debug|Any CPU
		{A2FB6954-70AA-4B70-8CC0-F4F0F89027E5}.Debug|x86.Build.0 = Debug|Any CPU
		{A2FB6954-70AA-4B70-8CC0-F4F0F89027E5}.Release|Any CPU.ActiveCfg = Release|Any CPU
		{A2FB6954-70AA-4B70-8CC0-F4F0F89027E5}.Release|Any CPU.Build.0 = Release|Any CPU
		{A2FB6954-70AA-4B70-8CC0-F4F0F89027E5}.Release|x64.ActiveCfg = Release|Any CPU
		{A2FB6954-70AA-4B70-8CC0-F4F0F89027E5}.Release|x64.Build.0 = Release|Any CPU
		{A2FB6954-70AA-4B70-8CC0-F4F0F89027E5}.Release|x86.ActiveCfg = Release|Any CPU
		{A2FB6954-70AA-4B70-8CC0-F4F0F89027E5}.Release|x86.Build.0 = Release|Any CPU
	EndGlobalSection
	GlobalSection(SolutionProperties) = preSolution
		HideSolutionNode = FALSE
	EndGlobalSection
	GlobalSection(NestedProjects) = preSolution
		{A9C598B0-B989-47C7-8FA6-BE7DBC3FEC4B} = {827E0CD3-B72D-47B6-A68D-7590B98EB39B}
		{A6F04716-AD0D-40CB-BD82-C9C6ADEDAE8E} = {827E0CD3-B72D-47B6-A68D-7590B98EB39B}
		{E3C7E3D5-7AEF-4E5C-87FD-5C66B74FD9AA} = {827E0CD3-B72D-47B6-A68D-7590B98EB39B}
		{A2FB6954-70AA-4B70-8CC0-F4F0F89027E5} = {827E0CD3-B72D-47B6-A68D-7590B98EB39B}
		{296A0E63-2DFC-4746-A6B4-3319F4BAE9F3} = {827E0CD3-B72D-47B6-A68D-7590B98EB39B}
	EndGlobalSection
EndGlobal
